/*
The package-lock.json file ensures that the exact versions of dependencies and their sub-dependencies are installed, providing consistency across different environments for the web application.

Requirements Addressed:
- Dependency Management (Technical Specification/4.6 User and System Management): Ensure consistent and reliable dependency installations across development, testing, and production environments.
*/

{
  "name": "security-orchestration-platform",
  "version": "1.0.0",
  "lockfileVersion": 2,
  "requires": true,
  "packages": {
    "": {
      "name": "security-orchestration-platform",
      "version": "1.0.0",
      "dependencies": {
        "react": "17.0.2",
        "react-dom": "17.0.2",
        "react-router-dom": "5.2.0",
        "redux": "4.0.5",
        "react-redux": "7.2.4",
        "redux-thunk": "2.3.0",
        "axios": "0.21.1",
        "jwt-decode": "3.1.2",
        "formik": "2.2.9",
        "yup": "0.32.9",
        "typescript": "4.3.5",
        "webpack": "5.38.1",
        "webpack-cli": "4.7.2",
        "babel-loader": "8.2.2",
        "css-loader": "5.2.6",
        "style-loader": "2.0.0",
        "postcss-loader": "4.3.0",
        "tailwindcss": "2.2.19",
        "autoprefixer": "10.2.6"
      }
      /*
      Configuration Description:
      Locks the versions of all dependencies and sub-dependencies to ensure consistent installations.

      Steps Addressed:
      - Capture the exact versions of all dependencies and their sub-dependencies as specified in package.json.
      - Ensure that the package-lock.json is updated whenever package.json changes.
      - Facilitate reproducible builds by locking dependency versions across different environments.
      - Provide a mechanism for verifying that the installed package versions match those specified in package-lock.json.

      Refer to Technical Specification/4.6 User and System Management.
      */
    },
    "node_modules/axios": {
      "version": "0.21.1",
      "resolved": "https://registry.npmjs.org/axios/-/axios-0.21.1.tgz",
      "integrity": "sha512-...",
      "dependencies": {
        "follow-redirects": "^1.14.0"
      }
      /*
      Dependency: axios@0.21.1
      Purpose: Promise based HTTP client for the browser and node.js.
      */
    },
    "node_modules/react": {
      "version": "17.0.2",
      "resolved": "https://registry.npmjs.org/react/-/react-17.0.2.tgz",
      "integrity": "sha512-..."
      /*
      Dependency: react@17.0.2
      Purpose: A JavaScript library for building user interfaces.
      */
    },
    "node_modules/react-dom": {
      "version": "17.0.2",
      "resolved": "https://registry.npmjs.org/react-dom/-/react-dom-17.0.2.tgz",
      "integrity": "sha512-...",
      "dependencies": {
        "react": "17.0.2"
      }
      /*
      Dependency: react-dom@17.0.2
      Purpose: Provides DOM-specific methods that can be used at the top level of a web app.
      */
    },
    "node_modules/react-router-dom": {
      "version": "5.2.0",
      "resolved": "https://registry.npmjs.org/react-router-dom/-/react-router-dom-5.2.0.tgz",
      "integrity": "sha512-...",
      "dependencies": {
        "react-router": "5.2.0",
        "history": "4.10.1"
      }
      /*
      Dependency: react-router-dom@5.2.0
      Purpose: Enables routing in React applications.
      */
    },
    "node_modules/redux": {
      "version": "4.0.5",
      "resolved": "https://registry.npmjs.org/redux/-/redux-4.0.5.tgz",
      "integrity": "sha512-..."
      /*
      Dependency: redux@4.0.5
      Purpose: A predictable state container for JavaScript apps.
      */
    },
    "node_modules/react-redux": {
      "version": "7.2.4",
      "resolved": "https://registry.npmjs.org/react-redux/-/react-redux-7.2.4.tgz",
      "integrity": "sha512-...",
      "dependencies": {
        "react": "17.0.2",
        "redux": "4.0.5"
      }
      /*
      Dependency: react-redux@7.2.4
      Purpose: Official React bindings for Redux.
      */
    },
    "node_modules/redux-thunk": {
      "version": "2.3.0",
      "resolved": "https://registry.npmjs.org/redux-thunk/-/redux-thunk-2.3.0.tgz",
      "integrity": "sha512-..."
      /*
      Dependency: redux-thunk@2.3.0
      Purpose: Middleware that allows writing action creators that return a function instead of an action.
      */
    },
    "node_modules/jwt-decode": {
      "version": "3.1.2",
      "resolved": "https://registry.npmjs.org/jwt-decode/-/jwt-decode-3.1.2.tgz",
      "integrity": "sha512-..."
      /*
      Dependency: jwt-decode@3.1.2
      Purpose: Decodes JWT tokens to extract user information and verify token validity.
      */
    },
    "node_modules/formik": {
      "version": "2.2.9",
      "resolved": "https://registry.npmjs.org/formik/-/formik-2.2.9.tgz",
      "integrity": "sha512-..."
      /*
      Dependency: formik@2.2.9
      Purpose: Build forms in React, without the tears.
      */
    },
    "node_modules/yup": {
      "version": "0.32.9",
      "resolved": "https://registry.npmjs.org/yup/-/yup-0.32.9.tgz",
      "integrity": "sha512-..."
      /*
      Dependency: yup@0.32.9
      Purpose: JavaScript schema builder for value parsing and validation.
      */
    },
    "node_modules/typescript": {
      "version": "4.3.5",
      "resolved": "https://registry.npmjs.org/typescript/-/typescript-4.3.5.tgz",
      "integrity": "sha512-..."
      /*
      Dependency: typescript@4.3.5
      Purpose: Provides static type checking and compilation for TypeScript code.
      */
    },
    "node_modules/webpack": {
      "version": "5.38.1",
      "resolved": "https://registry.npmjs.org/webpack/-/webpack-5.38.1.tgz",
      "integrity": "sha512-..."
      /*
      Dependency: webpack@5.38.1
      Purpose: Module bundler for JavaScript applications.
      */
    },
    "node_modules/webpack-cli": {
      "version": "4.7.2",
      "resolved": "https://registry.npmjs.org/webpack-cli/-/webpack-cli-4.7.2.tgz",
      "integrity": "sha512-...",
      "dependencies": {
        "webpack": "5.38.1"
      }
      /*
      Dependency: webpack-cli@4.7.2
      Purpose: Command line interface for Webpack.
      */
    },
    "node_modules/babel-loader": {
      "version": "8.2.2",
      "resolved": "https://registry.npmjs.org/babel-loader/-/babel-loader-8.2.2.tgz",
      "integrity": "sha512-..."
      /*
      Dependency: babel-loader@8.2.2
      Purpose: Webpack loader to transpile JavaScript and TypeScript using Babel.
      */
    },
    "node_modules/css-loader": {
      "version": "5.2.6",
      "resolved": "https://registry.npmjs.org/css-loader/-/css-loader-5.2.6.tgz",
      "integrity": "sha512-..."
      /*
      Dependency: css-loader@5.2.6
      Purpose: Webpack loader to interpret @import and url() like import/require() and resolve them.
      */
    },
    "node_modules/style-loader": {
      "version": "2.0.0",
      "resolved": "https://registry.npmjs.org/style-loader/-/style-loader-2.0.0.tgz",
      "integrity": "sha512-..."
      /*
      Dependency: style-loader@2.0.0
      Purpose: Webpack loader to inject CSS into the DOM.
      */
    },
    "node_modules/postcss-loader": {
      "version": "4.3.0",
      "resolved": "https://registry.npmjs.org/postcss-loader/-/postcss-loader-4.3.0.tgz",
      "integrity": "sha512-..."
      /*
      Dependency: postcss-loader@4.3.0
      Purpose: Webpack loader to process CSS with PostCSS.
      */
    },
    "node_modules/tailwindcss": {
      "version": "2.2.19",
      "resolved": "https://registry.npmjs.org/tailwindcss/-/tailwindcss-2.2.19.tgz",
      "integrity": "sha512-..."
      /*
      Dependency: tailwindcss@2.2.19
      Purpose: Utility-first CSS framework for rapid UI development.
      */
    },
    "node_modules/autoprefixer": {
      "version": "10.2.6",
      "resolved": "https://registry.npmjs.org/autoprefixer/-/autoprefixer-10.2.6.tgz",
      "integrity": "sha512-..."
      /*
      Dependency: autoprefixer@10.2.6
      Purpose: PostCSS plugin to add vendor prefixes to CSS rules.
      */
    }
    /*
    Additional dependency entries would go here, each locking the exact version and including integrity hashes to ensure consistent installations across environments.
    */
  }
}